
Microsoft Visual Studio Solution File, Format Version 12.00
# Visual Studio Version 16
VisualStudioVersion = 16.0.31605.320
MinimumVisualStudioVersion = 10.0.40219.1
Project("{9A19103F-16F7-4668-BE54-9A1E7A4F7556}") = "Application", "Application\Application.csproj", "{44E4D292-A532-4D41-AADD-8EA82C65DA4E}"
EndProject
Project("{9A19103F-16F7-4668-BE54-9A1E7A4F7556}") = "Domain", "Domain\Domain.csproj", "{75388220-32E3-413F-BA1E-48B6880477C5}"
EndProject
Project("{9A19103F-16F7-4668-BE54-9A1E7A4F7556}") = "Infrastructure", "Infrastructure\Infrastructure.csproj", "{99027017-8AA2-406A-AB07-A60D390B8D34}"
EndProject
Project("{9A19103F-16F7-4668-BE54-9A1E7A4F7556}") = "PracticalTask", "PracticalTask\PracticalTask.csproj", "{9F54E539-678A-4D7E-9B0E-2AF78A8EF184}"
EndProject
Project("{9A19103F-16F7-4668-BE54-9A1E7A4F7556}") = "Service", "Service\Service.csproj", "{A69A5380-61A5-42D3-9E5A-33C67C2AB9F8}"
EndProject
Global
	GlobalSection(SolutionConfigurationPlatforms) = preSolution
		Debug|Any CPU = Debug|Any CPU
		Release|Any CPU = Release|Any CPU
	EndGlobalSection
	GlobalSection(ProjectConfigurationPlatforms) = postSolution
		{44E4D292-A532-4D41-AADD-8EA82C65DA4E}.Debug|Any CPU.ActiveCfg = Debug|Any CPU
		{44E4D292-A532-4D41-AADD-8EA82C65DA4E}.Debug|Any CPU.Build.0 = Debug|Any CPU
		{44E4D292-A532-4D41-AADD-8EA82C65DA4E}.Release|Any CPU.ActiveCfg = Release|Any CPU
		{44E4D292-A532-4D41-AADD-8EA82C65DA4E}.Release|Any CPU.Build.0 = Release|Any CPU
		{75388220-32E3-413F-BA1E-48B6880477C5}.Debug|Any CPU.ActiveCfg = Debug|Any CPU
		{75388220-32E3-413F-BA1E-48B6880477C5}.Debug|Any CPU.Build.0 = Debug|Any CPU
		{75388220-32E3-413F-BA1E-48B6880477C5}.Release|Any CPU.ActiveCfg = Release|Any CPU
		{75388220-32E3-413F-BA1E-48B6880477C5}.Release|Any CPU.Build.0 = Release|Any CPU
		{99027017-8AA2-406A-AB07-A60D390B8D34}.Debug|Any CPU.ActiveCfg = Debug|Any CPU
		{99027017-8AA2-406A-AB07-A60D390B8D34}.Debug|Any CPU.Build.0 = Debug|Any CPU
		{99027017-8AA2-406A-AB07-A60D390B8D34}.Release|Any CPU.ActiveCfg = Release|Any CPU
		{99027017-8AA2-406A-AB07-A60D390B8D34}.Release|Any CPU.Build.0 = Release|Any CPU
		{9F54E539-678A-4D7E-9B0E-2AF78A8EF184}.Debug|Any CPU.ActiveCfg = Debug|Any CPU
		{9F54E539-678A-4D7E-9B0E-2AF78A8EF184}.Debug|Any CPU.Build.0 = Debug|Any CPU
		{9F54E539-678A-4D7E-9B0E-2AF78A8EF184}.Release|Any CPU.ActiveCfg = Release|Any CPU
		{9F54E539-678A-4D7E-9B0E-2AF78A8EF184}.Release|Any CPU.Build.0 = Release|Any CPU
		{A69A5380-61A5-42D3-9E5A-33C67C2AB9F8}.Debug|Any CPU.ActiveCfg = Debug|Any CPU
		{A69A5380-61A5-42D3-9E5A-33C67C2AB9F8}.Debug|Any CPU.Build.0 = Debug|Any CPU
		{A69A5380-61A5-42D3-9E5A-33C67C2AB9F8}.Release|Any CPU.ActiveCfg = Release|Any CPU
		{A69A5380-61A5-42D3-9E5A-33C67C2AB9F8}.Release|Any CPU.Build.0 = Release|Any CPU
	EndGlobalSection
	GlobalSection(SolutionProperties) = preSolution
		HideSolutionNode = FALSE
	EndGlobalSection
	GlobalSection(ExtensibilityGlobals) = postSolution
		SolutionGuid = {AC9370F7-6DE5-40B8-AC1E-8FFB5167E2D2}
	EndGlobalSection
EndGlobal
