
Microsoft Visual Studio Solution File, Format Version 12.00
# Visual Studio Version 16
VisualStudioVersion = 16.0.31605.320
MinimumVisualStudioVersion = 10.0.40219.1
Project("{9A19103F-16F7-4668-BE54-9A1E7A4F7556}") = "PracticalTask", "PracticalTask.csproj", "{165A638A-5921-44D2-8709-9861BB4783E1}"
EndProject
Project("{9A19103F-16F7-4668-BE54-9A1E7A4F7556}") = "Application", "..\Application\Application.csproj", "{DD7CC3EC-148D-4809-82EF-E4A3ACE10B63}"
EndProject
Project("{9A19103F-16F7-4668-BE54-9A1E7A4F7556}") = "Domain", "..\Domain\Domain.csproj", "{977A5800-F40D-4556-A9B2-639FCA08D36D}"
EndProject
Project("{9A19103F-16F7-4668-BE54-9A1E7A4F7556}") = "Infrastructure", "..\Infrastructure\Infrastructure.csproj", "{795F9084-13DB-4E55-A0A4-473280267D66}"
EndProject
Project("{9A19103F-16F7-4668-BE54-9A1E7A4F7556}") = "Service", "..\Service\Service.csproj", "{22BF8077-B44A-4875-8C03-84122BF925C8}"
EndProject
Global
	GlobalSection(SolutionConfigurationPlatforms) = preSolution
		Debug|Any CPU = Debug|Any CPU
		Release|Any CPU = Release|Any CPU
	EndGlobalSection
	GlobalSection(ProjectConfigurationPlatforms) = postSolution
		{165A638A-5921-44D2-8709-9861BB4783E1}.Debug|Any CPU.ActiveCfg = Debug|Any CPU
		{165A638A-5921-44D2-8709-9861BB4783E1}.Debug|Any CPU.Build.0 = Debug|Any CPU
		{165A638A-5921-44D2-8709-9861BB4783E1}.Release|Any CPU.ActiveCfg = Release|Any CPU
		{165A638A-5921-44D2-8709-9861BB4783E1}.Release|Any CPU.Build.0 = Release|Any CPU
		{DD7CC3EC-148D-4809-82EF-E4A3ACE10B63}.Debug|Any CPU.ActiveCfg = Debug|Any CPU
		{DD7CC3EC-148D-4809-82EF-E4A3ACE10B63}.Debug|Any CPU.Build.0 = Debug|Any CPU
		{DD7CC3EC-148D-4809-82EF-E4A3ACE10B63}.Release|Any CPU.ActiveCfg = Release|Any CPU
		{DD7CC3EC-148D-4809-82EF-E4A3ACE10B63}.Release|Any CPU.Build.0 = Release|Any CPU
		{977A5800-F40D-4556-A9B2-639FCA08D36D}.Debug|Any CPU.ActiveCfg = Debug|Any CPU
		{977A5800-F40D-4556-A9B2-639FCA08D36D}.Debug|Any CPU.Build.0 = Debug|Any CPU
		{977A5800-F40D-4556-A9B2-639FCA08D36D}.Release|Any CPU.ActiveCfg = Release|Any CPU
		{977A5800-F40D-4556-A9B2-639FCA08D36D}.Release|Any CPU.Build.0 = Release|Any CPU
		{795F9084-13DB-4E55-A0A4-473280267D66}.Debug|Any CPU.ActiveCfg = Debug|Any CPU
		{795F9084-13DB-4E55-A0A4-473280267D66}.Debug|Any CPU.Build.0 = Debug|Any CPU
		{795F9084-13DB-4E55-A0A4-473280267D66}.Release|Any CPU.ActiveCfg = Release|Any CPU
		{795F9084-13DB-4E55-A0A4-473280267D66}.Release|Any CPU.Build.0 = Release|Any CPU
		{22BF8077-B44A-4875-8C03-84122BF925C8}.Debug|Any CPU.ActiveCfg = Debug|Any CPU
		{22BF8077-B44A-4875-8C03-84122BF925C8}.Debug|Any CPU.Build.0 = Debug|Any CPU
		{22BF8077-B44A-4875-8C03-84122BF925C8}.Release|Any CPU.ActiveCfg = Release|Any CPU
		{22BF8077-B44A-4875-8C03-84122BF925C8}.Release|Any CPU.Build.0 = Release|Any CPU
	EndGlobalSection
	GlobalSection(SolutionProperties) = preSolution
		HideSolutionNode = FALSE
	EndGlobalSection
	GlobalSection(ExtensibilityGlobals) = postSolution
		SolutionGuid = {AC9370F7-6DE5-40B8-AC1E-8FFB5167E2D2}
	EndGlobalSection
EndGlobal
